
Microsoft Visual Studio Solution File, Format Version 12.00
# Visual Studio Version 17
VisualStudioVersion = 17.6.33815.320
MinimumVisualStudioVersion = 10.0.40219.1
Project("{FAE04EC0-301F-11D3-BF4B-00C04F79EFBC}") = "Kikelet_Panzio", "Kikelet_Panzio\Kikelet_Panzio.csproj", "{433233C4-1372-4D01-BD7D-D06217836B41}"
EndProject
Global
	GlobalSection(SolutionConfigurationPlatforms) = preSolution
		Debug|Any CPU = Debug|Any CPU
		Release|Any CPU = Release|Any CPU
	EndGlobalSection
	GlobalSection(ProjectConfigurationPlatforms) = postSolution
		{433233C4-1372-4D01-BD7D-D06217836B41}.Debug|Any CPU.ActiveCfg = Debug|Any CPU
		{433233C4-1372-4D01-BD7D-D06217836B41}.Debug|Any CPU.Build.0 = Debug|Any CPU
		{433233C4-1372-4D01-BD7D-D06217836B41}.Release|Any CPU.ActiveCfg = Release|Any CPU
		{433233C4-1372-4D01-BD7D-D06217836B41}.Release|Any CPU.Build.0 = Release|Any CPU
	EndGlobalSection
	GlobalSection(SolutionProperties) = preSolution
		HideSolutionNode = FALSE
	EndGlobalSection
	GlobalSection(ExtensibilityGlobals) = postSolution
		SolutionGuid = {B7C47B33-6A24-4565-8216-E2D5C95A5B0C}
	EndGlobalSection
EndGlobal
